PODS:
  - "app_settings (3.0.0+1)":
    - Flutter
  - connectivity_plus (0.0.1):
    - Flutter
    - ReachabilitySwift
  - device_info_plus (0.0.1):
    - Flutter
  - Flutter (1.0.0)
  - FMDB (2.7.5):
    - FMDB/standard (= 2.7.5)
  - FMDB/standard (2.7.5)
  - image_picker_ios (0.0.1):
    - Flutter
  - package_info_plus (0.4.5):
    - Flutter
  - path_provider_foundation (0.0.1):
    - Flutter
    - FlutterMacOS
  - permission_handler_apple (9.1.0):
    - Flutter
  - ReachabilitySwift (5.0.0)
  - sensors_plus (0.0.1):
    - Flutter
  - share_plus (0.0.1):
    - Flutter
  - shared_preferences_foundation (0.0.1):
    - Flutter
    - FlutterMacOS
  - sqflite (0.0.3):
    - Flutter
    - FMDB (>= 2.7.5)
  - url_launcher_ios (0.0.1):
    - Flutter

DEPENDENCIES:
  - app_settings (from `.symlinks/plugins/app_settings/ios`)
  - connectivity_plus (from `.symlinks/plugins/connectivity_plus/ios`)
  - device_info_plus (from `.symlinks/plugins/device_info_plus/ios`)
  - Flutter (from `Flutter`)
  - image_picker_ios (from `.symlinks/plugins/image_picker_ios/ios`)
  - package_info_plus (from `.symlinks/plugins/package_info_plus/ios`)
  - path_provider_foundation (from `.symlinks/plugins/path_provider_foundation/darwin`)
  - permission_handler_apple (from `.symlinks/plugins/permission_handler_apple/ios`)
  - sensors_plus (from `.symlinks/plugins/sensors_plus/ios`)
  - share_plus (from `.symlinks/plugins/share_plus/ios`)
  - shared_preferences_foundation (from `.symlinks/plugins/shared_preferences_foundation/darwin`)
  - sqflite (from `.symlinks/plugins/sqflite/ios`)
  - url_launcher_ios (from `.symlinks/plugins/url_launcher_ios/ios`)

SPEC REPOS:
  trunk:
    - FMDB
    - ReachabilitySwift

EXTERNAL SOURCES:
  app_settings:
    :path: ".symlinks/plugins/app_settings/ios"
  connectivity_plus:
    :path: ".symlinks/plugins/connectivity_plus/ios"
  device_info_plus:
    :path: ".symlinks/plugins/device_info_plus/ios"
  Flutter:
    :path: Flutter
  image_picker_ios:
    :path: ".symlinks/plugins/image_picker_ios/ios"
  package_info_plus:
    :path: ".symlinks/plugins/package_info_plus/ios"
  path_provider_foundation:
    :path: ".symlinks/plugins/path_provider_foundation/darwin"
  permission_handler_apple:
    :path: ".symlinks/plugins/permission_handler_apple/ios"
  sensors_plus:
    :path: ".symlinks/plugins/sensors_plus/ios"
  share_plus:
    :path: ".symlinks/plugins/share_plus/ios"
  shared_preferences_foundation:
    :path: ".symlinks/plugins/shared_preferences_foundation/darwin"
  sqflite:
    :path: ".symlinks/plugins/sqflite/ios"
  url_launcher_ios:
    :path: ".symlinks/plugins/url_launcher_ios/ios"

SPEC CHECKSUMS:
  app_settings: dec48968acca6472cfb9f487d8a366afffd3d1a1
  connectivity_plus: 8443422d4c5a53dee0d50779ec5dbcda1071251e
  device_info_plus: 335f3ce08d2e174b9fdc3db3db0f4e3b1f66bd89
  Flutter: e0871f40cf51350855a761d2e70bf5af5b9b5de7
  FMDB: 2ce00b547f966261cd18927a3ddb07cb6f3db82a
  image_picker_ios: afb77645f1e1060a27edb6793996ff9b42256909
  package_info_plus: 566e1b7a2f3900e4b0020914ad3fc051dcc95596
  path_provider_foundation: 0f28622a447f952060798e710afcae6800d1dfa0
  permission_handler_apple: 67471be8e7d2fd175420743893973ac0d98c9511
  ReachabilitySwift: 985039c6f7b23a1da463388634119492ff86c825
  sensors_plus: 809f7e76b18439344b148b2730634b59d645f7eb
  share_plus: 35c6613d1452d4134cfdb14865ac23bff7e7f3c1
  shared_preferences_foundation: 84ce365ee5ce19a94de8ece53db7142d35141a5b
  sqflite: 5b24d06a453c198c13b305ceea4b4286cc07cfe4
  url_launcher_ios: b7f13d9491e07f5230bf3e056ab68678f896980a

PODFILE CHECKSUM: 4387b88d4dfddf360388490fa92ca628d37f317c

COCOAPODS: 1.16.2
